{
  "lockfileVersion": 1,
  "workspaces": {
    "": {
      "name": "fotaza",
      "dependencies": {
        "sass": "^1.93.2",
      },
      "devDependencies": {
        "concurrently": "^9.2.1",
      },
    },
    "apps/backend": {
      "name": "@project/backend",
      "version": "1.0.0",
      "dependencies": {
        "@project/common-configs": "workspace:*",
      },
      "devDependencies": {
        "@types/bun": "^1.2.22",
      },
    },
    "apps/frontend": {
      "name": "@project/frontend",
      "version": "1.0.0",
      "dependencies": {
        "@project/common-configs": "workspace:*",
        "@project/template-fns": "workspace:*",
        "concurrently": "^9.2.1",
        "sass": "^1.93.2",
      },
      "devDependencies": {
        "@types/bun": "^1.2.22",
      },
    },
    "common/configs": {
      "name": "@project/common-configs",
      "version": "1.0.0",
    },
    "common/template-fns": {
      "name": "@project/template-fns",
      "dependencies": {
        "pretty": "^2.0.0",
      },
      "devDependencies": {
        "@types/bun": "latest",
        "@types/pretty": "^2.0.3",
      },
      "peerDependencies": {
        "typescript": "^5",
      },
    },
  },
  "packages": {
    "@isaacs/cliui": ["@isaacs/cliui@8.0.2", "", { "dependencies": { "string-width": "^5.1.2", "string-width-cjs": "npm:string-width@^4.2.0", "strip-ansi": "^7.0.1", "strip-ansi-cjs": "npm:strip-ansi@^6.0.1", "wrap-ansi": "^8.1.0", "wrap-ansi-cjs": "npm:wrap-ansi@^7.0.0" } }, "sha512-O8jcjabXaleOG9DQ0+ARXWZBTfnP4WNAqzuiJK7ll44AmxGKv/J2M4TPjxjY3znBCfvBXFzucm1twdyFybFqEA=="],

    "@one-ini/wasm": ["@one-ini/wasm@0.1.1", "", {}, "sha512-XuySG1E38YScSJoMlqovLru4KTUNSjgVTIjyh7qMX6aNN5HY5Ct5LhRJdxO79JtTzKfzV/bnWpz+zquYrISsvw=="],

    "@parcel/watcher": ["@parcel/watcher@2.5.1", "", { "dependencies": { "detect-libc": "^1.0.3", "is-glob": "^4.0.3", "micromatch": "^4.0.5", "node-addon-api": "^7.0.0" }, "optionalDependencies": { "@parcel/watcher-android-arm64": "2.5.1", "@parcel/watcher-darwin-arm64": "2.5.1", "@parcel/watcher-darwin-x64": "2.5.1", "@parcel/watcher-freebsd-x64": "2.5.1", "@parcel/watcher-linux-arm-glibc": "2.5.1", "@parcel/watcher-linux-arm-musl": "2.5.1", "@parcel/watcher-linux-arm64-glibc": "2.5.1", "@parcel/watcher-linux-arm64-musl": "2.5.1", "@parcel/watcher-linux-x64-glibc": "2.5.1", "@parcel/watcher-linux-x64-musl": "2.5.1", "@parcel/watcher-win32-arm64": "2.5.1", "@parcel/watcher-win32-ia32": "2.5.1", "@parcel/watcher-win32-x64": "2.5.1" } }, "sha512-dfUnCxiN9H4ap84DvD2ubjw+3vUNpstxa0TneY/Paat8a3R4uQZDLSvWjmznAY/DoahqTHl9V46HF/Zs3F29pg=="],

    "@parcel/watcher-android-arm64": ["@parcel/watcher-android-arm64@2.5.1", "", { "os": "android", "cpu": "arm64" }, "sha512-KF8+j9nNbUN8vzOFDpRMsaKBHZ/mcjEjMToVMJOhTozkDonQFFrRcfdLWn6yWKCmJKmdVxSgHiYvTCef4/qcBA=="],

    "@parcel/watcher-darwin-arm64": ["@parcel/watcher-darwin-arm64@2.5.1", "", { "os": "darwin", "cpu": "arm64" }, "sha512-eAzPv5osDmZyBhou8PoF4i6RQXAfeKL9tjb3QzYuccXFMQU0ruIc/POh30ePnaOyD1UXdlKguHBmsTs53tVoPw=="],

    "@parcel/watcher-darwin-x64": ["@parcel/watcher-darwin-x64@2.5.1", "", { "os": "darwin", "cpu": "x64" }, "sha512-1ZXDthrnNmwv10A0/3AJNZ9JGlzrF82i3gNQcWOzd7nJ8aj+ILyW1MTxVk35Db0u91oD5Nlk9MBiujMlwmeXZg=="],

    "@parcel/watcher-freebsd-x64": ["@parcel/watcher-freebsd-x64@2.5.1", "", { "os": "freebsd", "cpu": "x64" }, "sha512-SI4eljM7Flp9yPuKi8W0ird8TI/JK6CSxju3NojVI6BjHsTyK7zxA9urjVjEKJ5MBYC+bLmMcbAWlZ+rFkLpJQ=="],

    "@parcel/watcher-linux-arm-glibc": ["@parcel/watcher-linux-arm-glibc@2.5.1", "", { "os": "linux", "cpu": "arm" }, "sha512-RCdZlEyTs8geyBkkcnPWvtXLY44BCeZKmGYRtSgtwwnHR4dxfHRG3gR99XdMEdQ7KeiDdasJwwvNSF5jKtDwdA=="],

    "@parcel/watcher-linux-arm-musl": ["@parcel/watcher-linux-arm-musl@2.5.1", "", { "os": "linux", "cpu": "arm" }, "sha512-6E+m/Mm1t1yhB8X412stiKFG3XykmgdIOqhjWj+VL8oHkKABfu/gjFj8DvLrYVHSBNC+/u5PeNrujiSQ1zwd1Q=="],

    "@parcel/watcher-linux-arm64-glibc": ["@parcel/watcher-linux-arm64-glibc@2.5.1", "", { "os": "linux", "cpu": "arm64" }, "sha512-LrGp+f02yU3BN9A+DGuY3v3bmnFUggAITBGriZHUREfNEzZh/GO06FF5u2kx8x+GBEUYfyTGamol4j3m9ANe8w=="],

    "@parcel/watcher-linux-arm64-musl": ["@parcel/watcher-linux-arm64-musl@2.5.1", "", { "os": "linux", "cpu": "arm64" }, "sha512-cFOjABi92pMYRXS7AcQv9/M1YuKRw8SZniCDw0ssQb/noPkRzA+HBDkwmyOJYp5wXcsTrhxO0zq1U11cK9jsFg=="],

    "@parcel/watcher-linux-x64-glibc": ["@parcel/watcher-linux-x64-glibc@2.5.1", "", { "os": "linux", "cpu": "x64" }, "sha512-GcESn8NZySmfwlTsIur+49yDqSny2IhPeZfXunQi48DMugKeZ7uy1FX83pO0X22sHntJ4Ub+9k34XQCX+oHt2A=="],

    "@parcel/watcher-linux-x64-musl": ["@parcel/watcher-linux-x64-musl@2.5.1", "", { "os": "linux", "cpu": "x64" }, "sha512-n0E2EQbatQ3bXhcH2D1XIAANAcTZkQICBPVaxMeaCVBtOpBZpWJuf7LwyWPSBDITb7In8mqQgJ7gH8CILCURXg=="],

    "@parcel/watcher-win32-arm64": ["@parcel/watcher-win32-arm64@2.5.1", "", { "os": "win32", "cpu": "arm64" }, "sha512-RFzklRvmc3PkjKjry3hLF9wD7ppR4AKcWNzH7kXR7GUe0Igb3Nz8fyPwtZCSquGrhU5HhUNDr/mKBqj7tqA2Vw=="],

    "@parcel/watcher-win32-ia32": ["@parcel/watcher-win32-ia32@2.5.1", "", { "os": "win32", "cpu": "ia32" }, "sha512-c2KkcVN+NJmuA7CGlaGD1qJh1cLfDnQsHjE89E60vUEMlqduHGCdCLJCID5geFVM0dOtA3ZiIO8BoEQmzQVfpQ=="],

    "@parcel/watcher-win32-x64": ["@parcel/watcher-win32-x64@2.5.1", "", { "os": "win32", "cpu": "x64" }, "sha512-9lHBdJITeNR++EvSQVUcaZoWupyHfXe1jZvGZ06O/5MflPcuPLtEphScIBL+AiCWBO46tDSHzWyD0uDmmZqsgA=="],

    "@pkgjs/parseargs": ["@pkgjs/parseargs@0.11.0", "", {}, "sha512-+1VkjdD0QBLPodGrJUeqarH8VAIvQODIbwh9XpP5Syisf7YoQgsJKPNFoqqLQlu+VQ/tVSshMR6loPMn8U+dPg=="],

    "@project/backend": ["@project/backend@workspace:apps/backend"],

    "@project/common-configs": ["@project/common-configs@workspace:common/configs"],

    "@project/frontend": ["@project/frontend@workspace:apps/frontend"],

    "@project/template-fns": ["@project/template-fns@workspace:common/template-fns"],

    "@types/bun": ["@types/bun@1.2.22", "", { "dependencies": { "bun-types": "1.2.22" } }, "sha512-5A/KrKos2ZcN0c6ljRSOa1fYIyCKhZfIVYeuyb4snnvomnpFqC0tTsEkdqNxbAgExV384OETQ//WAjl3XbYqQA=="],

    "@types/node": ["@types/node@24.5.2", "", { "dependencies": { "undici-types": "~7.12.0" } }, "sha512-FYxk1I7wPv3K2XBaoyH2cTnocQEu8AOZ60hPbsyukMPLv5/5qr7V1i8PLHdl6Zf87I+xZXFvPCXYjiTFq+YSDQ=="],

    "@types/pretty": ["@types/pretty@2.0.3", "", {}, "sha512-xR96pShNlrxLd3gZqzCnbaAmbYhiRYjW51CDFjektZemqpBZBAAkMwxm4gBraJP/xSgKcsQhLXdlXOwDNWo4VQ=="],

    "@types/react": ["@types/react@19.1.14", "", { "dependencies": { "csstype": "^3.0.2" } }, "sha512-ukd93VGzaNPMAUPy0gRDSC57UuQbnH9Kussp7HBjM06YFi9uZTFhOvMSO2OKqXm1rSgzOE+pVx1k1PYHGwlc8Q=="],

    "abbrev": ["abbrev@2.0.0", "", {}, "sha512-6/mh1E2u2YgEsCHdY0Yx5oW+61gZU+1vXaoiHHrpKeuRNNgFvS+/jrwHiQhB5apAf5oB7UB7E19ol2R2LKH8hQ=="],

    "ansi-regex": ["ansi-regex@5.0.1", "", {}, "sha512-quJQXlTSUGL2LH9SUXo8VwsY4soanhgo6LNSm84E1LBcE8s3O0wpdiRzyR9z/ZZJMlMWv37qOOb9pdJlMUEKFQ=="],

    "ansi-styles": ["ansi-styles@4.3.0", "", { "dependencies": { "color-convert": "^2.0.1" } }, "sha512-zbB9rCJAT1rbjiVDb2hqKFHNYLxgtk8NURxZ3IZwD3F6NtxbXZQCnnSi1Lkx+IDohdPlFp222wVALIheZJQSEg=="],

    "balanced-match": ["balanced-match@1.0.2", "", {}, "sha512-3oSeUO0TMV67hN1AmbXsK4yaqU7tjiHlbxRDZOpH0KW9+CeX4bRAaX0Anxt0tx2MrpRpWwQaPwIlISEJhYU5Pw=="],

    "brace-expansion": ["brace-expansion@2.0.2", "", { "dependencies": { "balanced-match": "^1.0.0" } }, "sha512-Jt0vHyM+jmUBqojB7E1NIYadt0vI0Qxjxd2TErW94wDz+E2LAm5vKMXXwg6ZZBTHPuUlDgQHKXvjGBdfcF1ZDQ=="],

    "braces": ["braces@3.0.3", "", { "dependencies": { "fill-range": "^7.1.1" } }, "sha512-yQbXgO/OSZVD2IsiLlro+7Hf6Q18EJrKSEsdoMzKePKXct3gvD8oLcOQdIzGupr5Fj+EDe8gO/lxc1BzfMpxvA=="],

    "bun-types": ["bun-types@1.2.22", "", { "dependencies": { "@types/node": "*" }, "peerDependencies": { "@types/react": "^19" } }, "sha512-hwaAu8tct/Zn6Zft4U9BsZcXkYomzpHJX28ofvx7k0Zz2HNz54n1n+tDgxoWFGB4PcFvJXJQloPhaV2eP3Q6EA=="],

    "chalk": ["chalk@4.1.2", "", { "dependencies": { "ansi-styles": "^4.1.0", "supports-color": "^7.1.0" } }, "sha512-oKnbhFyRIXpUuez8iBMmyEa4nbj4IOQyuhc/wy9kY7/WVPcwIO9VA668Pu8RkO7+0G76SLROeyw9CpQ061i4mA=="],

    "chokidar": ["chokidar@4.0.3", "", { "dependencies": { "readdirp": "^4.0.1" } }, "sha512-Qgzu8kfBvo+cA4962jnP1KkS6Dop5NS6g7R5LFYJr4b8Ub94PPQXUksCw9PvXoeXPRRddRNC5C1JQUR2SMGtnA=="],

    "cliui": ["cliui@8.0.1", "", { "dependencies": { "string-width": "^4.2.0", "strip-ansi": "^6.0.1", "wrap-ansi": "^7.0.0" } }, "sha512-BSeNnyus75C4//NQ9gQt1/csTXyo/8Sb+afLAkzAptFuMsod9HFokGNudZpi/oQV73hnVK+sR+5PVRMd+Dr7YQ=="],

    "color-convert": ["color-convert@2.0.1", "", { "dependencies": { "color-name": "~1.1.4" } }, "sha512-RRECPsj7iu/xb5oKYcsFHSppFNnsj/52OVTRKb4zP5onXwVF3zVmmToNcOfGC+CRDpfK/U584fMg38ZHCaElKQ=="],

    "color-name": ["color-name@1.1.4", "", {}, "sha512-dOy+3AuW3a2wNbZHIuMZpTcgjGuLU/uBL/ubcZF9OXbDo8ff4O8yVp5Bf0efS8uEoYo5q4Fx7dY9OgQGXgAsQA=="],

    "commander": ["commander@10.0.1", "", {}, "sha512-y4Mg2tXshplEbSGzx7amzPwKKOCGuoSRP/CjEdwwk0FOGlUbq6lKuoyDZTNZkmxHdJtp54hdfY/JUrdL7Xfdug=="],

    "concurrently": ["concurrently@9.2.1", "", { "dependencies": { "chalk": "4.1.2", "rxjs": "7.8.2", "shell-quote": "1.8.3", "supports-color": "8.1.1", "tree-kill": "1.2.2", "yargs": "17.7.2" }, "bin": { "conc": "dist/bin/concurrently.js", "concurrently": "dist/bin/concurrently.js" } }, "sha512-fsfrO0MxV64Znoy8/l1vVIjjHa29SZyyqPgQBwhiDcaW8wJc2W3XWVOGx4M3oJBnv/zdUZIIp1gDeS98GzP8Ng=="],

    "condense-newlines": ["condense-newlines@0.2.1", "", { "dependencies": { "extend-shallow": "^2.0.1", "is-whitespace": "^0.3.0", "kind-of": "^3.0.2" } }, "sha512-P7X+QL9Hb9B/c8HI5BFFKmjgBu2XpQuF98WZ9XkO+dBGgk5XgwiQz7o1SmpglNWId3581UcS0SFAWfoIhMHPfg=="],

    "config-chain": ["config-chain@1.1.13", "", { "dependencies": { "ini": "^1.3.4", "proto-list": "~1.2.1" } }, "sha512-qj+f8APARXHrM0hraqXYb2/bOVSV4PvJQlNZ/DVj0QrmNM2q2euizkeuVckQ57J+W0mRH6Hvi+k50M4Jul2VRQ=="],

    "cross-spawn": ["cross-spawn@7.0.6", "", { "dependencies": { "path-key": "^3.1.0", "shebang-command": "^2.0.0", "which": "^2.0.1" } }, "sha512-uV2QOWP2nWzsy2aMp8aRibhi9dlzF5Hgh5SHaB9OiTGEyDTiJJyx0uy51QXdyWbtAHNua4XJzUKca3OzKUd3vA=="],

    "csstype": ["csstype@3.1.3", "", {}, "sha512-M1uQkMl8rQK/szD0LNhtqxIPLpimGm8sOBwU7lLnCpSbTyY3yeU1Vc7l4KT5zT4s/yOxHH5O7tIuuLOCnLADRw=="],

    "detect-libc": ["detect-libc@1.0.3", "", { "bin": { "detect-libc": "./bin/detect-libc.js" } }, "sha512-pGjwhsmsp4kL2RTz08wcOlGN83otlqHeD/Z5T8GXZB+/YcpQ/dgo+lbU8ZsGxV0HIvqqxo9l7mqYwyYMD9bKDg=="],

    "eastasianwidth": ["eastasianwidth@0.2.0", "", {}, "sha512-I88TYZWc9XiYHRQ4/3c5rjjfgkjhLyW2luGIheGERbNQ6OY7yTybanSpDXZa8y7VUP9YmDcYa+eyq4ca7iLqWA=="],

    "editorconfig": ["editorconfig@1.0.4", "", { "dependencies": { "@one-ini/wasm": "0.1.1", "commander": "^10.0.0", "minimatch": "9.0.1", "semver": "^7.5.3" }, "bin": { "editorconfig": "bin/editorconfig" } }, "sha512-L9Qe08KWTlqYMVvMcTIvMAdl1cDUubzRNYL+WfA4bLDMHe4nemKkpmYzkznE1FwLKu0EEmy6obgQKzMJrg4x9Q=="],

    "emoji-regex": ["emoji-regex@8.0.0", "", {}, "sha512-MSjYzcWNOA0ewAHpz0MxpYFvwg6yjy1NG3xteoqz644VCo/RPgnr1/GGt+ic3iJTzQ8Eu3TdM14SawnVUmGE6A=="],

    "escalade": ["escalade@3.2.0", "", {}, "sha512-WUj2qlxaQtO4g6Pq5c29GTcWGDyd8itL8zTlipgECz3JesAiiOKotd8JU6otB3PACgG6xkJUyVhboMS+bje/jA=="],

    "extend-shallow": ["extend-shallow@2.0.1", "", { "dependencies": { "is-extendable": "^0.1.0" } }, "sha512-zCnTtlxNoAiDc3gqY2aYAWFx7XWWiasuF2K8Me5WbN8otHKTUKBwjPtNpRs/rbUZm7KxWAaNj7P1a/p52GbVug=="],

    "fill-range": ["fill-range@7.1.1", "", { "dependencies": { "to-regex-range": "^5.0.1" } }, "sha512-YsGpe3WHLK8ZYi4tWDg2Jy3ebRz2rXowDxnld4bkQB00cc/1Zw9AWnC0i9ztDJitivtQvaI9KaLyKrc+hBW0yg=="],

    "foreground-child": ["foreground-child@3.3.1", "", { "dependencies": { "cross-spawn": "^7.0.6", "signal-exit": "^4.0.1" } }, "sha512-gIXjKqtFuWEgzFRJA9WCQeSJLZDjgJUOMCMzxtvFq/37KojM1BFGufqsCy0r4qSQmYLsZYMeyRqzIWOMup03sw=="],

    "get-caller-file": ["get-caller-file@2.0.5", "", {}, "sha512-DyFP3BM/3YHTQOCUL/w0OZHR0lpKeGrxotcHWcqNEdnltqFwXVfhEBQ94eIo34AfQpo0rGki4cyIiftY06h2Fg=="],

    "glob": ["glob@10.4.5", "", { "dependencies": { "foreground-child": "^3.1.0", "jackspeak": "^3.1.2", "minimatch": "^9.0.4", "minipass": "^7.1.2", "package-json-from-dist": "^1.0.0", "path-scurry": "^1.11.1" }, "bin": { "glob": "dist/esm/bin.mjs" } }, "sha512-7Bv8RF0k6xjo7d4A/PxYLbUCfb6c+Vpd2/mB2yRDlew7Jb5hEXiCD9ibfO7wpk8i4sevK6DFny9h7EYbM3/sHg=="],

    "has-flag": ["has-flag@4.0.0", "", {}, "sha512-EykJT/Q1KjTWctppgIAgfSO0tKVuZUjhgMr17kqTumMl6Afv3EISleU7qZUzoXDFTAHTDC4NOoG/ZxU3EvlMPQ=="],

    "immutable": ["immutable@5.1.3", "", {}, "sha512-+chQdDfvscSF1SJqv2gn4SRO2ZyS3xL3r7IW/wWEEzrzLisnOlKiQu5ytC/BVNcS15C39WT2Hg/bjKjDMcu+zg=="],

    "ini": ["ini@1.3.8", "", {}, "sha512-JV/yugV2uzW5iMRSiZAyDtQd+nxtUnjeLt0acNdw98kKLrvuRVyB80tsREOE7yvGVgalhZ6RNXCmEHkUKBKxew=="],

    "is-buffer": ["is-buffer@1.1.6", "", {}, "sha512-NcdALwpXkTm5Zvvbk7owOUSvVvBKDgKP5/ewfXEznmQFfs4ZRmanOeKBTjRVjka3QFoN6XJ+9F3USqfHqTaU5w=="],

    "is-extendable": ["is-extendable@0.1.1", "", {}, "sha512-5BMULNob1vgFX6EjQw5izWDxrecWK9AM72rugNr0TFldMOi0fj6Jk+zeKIt0xGj4cEfQIJth4w3OKWOJ4f+AFw=="],

    "is-extglob": ["is-extglob@2.1.1", "", {}, "sha512-SbKbANkN603Vi4jEZv49LeVJMn4yGwsbzZworEoyEiutsN3nJYdbO36zfhGJ6QEDpOZIFkDtnq5JRxmvl3jsoQ=="],

    "is-fullwidth-code-point": ["is-fullwidth-code-point@3.0.0", "", {}, "sha512-zymm5+u+sCsSWyD9qNaejV3DFvhCKclKdizYaJUuHA83RLjb7nSuGnddCHGv0hk+KY7BMAlsWeK4Ueg6EV6XQg=="],

    "is-glob": ["is-glob@4.0.3", "", { "dependencies": { "is-extglob": "^2.1.1" } }, "sha512-xelSayHH36ZgE7ZWhli7pW34hNbNl8Ojv5KVmkJD4hBdD3th8Tfk9vYasLM+mXWOZhFkgZfxhLSnrwRr4elSSg=="],

    "is-number": ["is-number@7.0.0", "", {}, "sha512-41Cifkg6e8TylSpdtTpeLVMqvSBEVzTttHvERD741+pnZ8ANv0004MRL43QKPDlK9cGvNp6NZWZUBlbGXYxxng=="],

    "is-whitespace": ["is-whitespace@0.3.0", "", {}, "sha512-RydPhl4S6JwAyj0JJjshWJEFG6hNye3pZFBRZaTUfZFwGHxzppNaNOVgQuS/E/SlhrApuMXrpnK1EEIXfdo3Dg=="],

    "isexe": ["isexe@2.0.0", "", {}, "sha512-RHxMLp9lnKHGHRng9QFhRCMbYAcVpn69smSGcq3f36xjgVVWThj4qqLbTLlq7Ssj8B+fIQ1EuCEGI2lKsyQeIw=="],

    "jackspeak": ["jackspeak@3.4.3", "", { "dependencies": { "@isaacs/cliui": "^8.0.2" }, "optionalDependencies": { "@pkgjs/parseargs": "^0.11.0" } }, "sha512-OGlZQpz2yfahA/Rd1Y8Cd9SIEsqvXkLVoSw/cgwhnhFMDbsQFeZYoJJ7bIZBS9BcamUW96asq/npPWugM+RQBw=="],

    "js-beautify": ["js-beautify@1.15.4", "", { "dependencies": { "config-chain": "^1.1.13", "editorconfig": "^1.0.4", "glob": "^10.4.2", "js-cookie": "^3.0.5", "nopt": "^7.2.1" }, "bin": { "css-beautify": "js/bin/css-beautify.js", "html-beautify": "js/bin/html-beautify.js", "js-beautify": "js/bin/js-beautify.js" } }, "sha512-9/KXeZUKKJwqCXUdBxFJ3vPh467OCckSBmYDwSK/EtV090K+iMJ7zx2S3HLVDIWFQdqMIsZWbnaGiba18aWhaA=="],

    "js-cookie": ["js-cookie@3.0.5", "", {}, "sha512-cEiJEAEoIbWfCZYKWhVwFuvPX1gETRYPw6LlaTKoxD3s2AkXzkCjnp6h0V77ozyqj0jakteJ4YqDJT830+lVGw=="],

    "kind-of": ["kind-of@3.2.2", "", { "dependencies": { "is-buffer": "^1.1.5" } }, "sha512-NOW9QQXMoZGg/oqnVNoNTTIFEIid1627WCffUBJEdMxYApq7mNE7CpzucIPc+ZQg25Phej7IJSmX3hO+oblOtQ=="],

    "lru-cache": ["lru-cache@10.4.3", "", {}, "sha512-JNAzZcXrCt42VGLuYz0zfAzDfAvJWW6AfYlDBQyDV5DClI2m5sAmK+OIO7s59XfsRsWHp02jAJrRadPRGTt6SQ=="],

    "micromatch": ["micromatch@4.0.8", "", { "dependencies": { "braces": "^3.0.3", "picomatch": "^2.3.1" } }, "sha512-PXwfBhYu0hBCPw8Dn0E+WDYb7af3dSLVWKi3HGv84IdF4TyFoC0ysxFd0Goxw7nSv4T/PzEJQxsYsEiFCKo2BA=="],

    "minimatch": ["minimatch@9.0.1", "", { "dependencies": { "brace-expansion": "^2.0.1" } }, "sha512-0jWhJpD/MdhPXwPuiRkCbfYfSKp2qnn2eOc279qI7f+osl/l+prKSrvhg157zSYvx/1nmgn2NqdT6k2Z7zSH9w=="],

    "minipass": ["minipass@7.1.2", "", {}, "sha512-qOOzS1cBTWYF4BH8fVePDBOO9iptMnGUEZwNc/cMWnTV2nVLZ7VoNWEPHkYczZA0pdoA7dl6e7FL659nX9S2aw=="],

    "node-addon-api": ["node-addon-api@7.1.1", "", {}, "sha512-5m3bsyrjFWE1xf7nz7YXdN4udnVtXK6/Yfgn5qnahL6bCkf2yKt4k3nuTKAtT4r3IG8JNR2ncsIMdZuAzJjHQQ=="],

    "nopt": ["nopt@7.2.1", "", { "dependencies": { "abbrev": "^2.0.0" }, "bin": { "nopt": "bin/nopt.js" } }, "sha512-taM24ViiimT/XntxbPyJQzCG+p4EKOpgD3mxFwW38mGjVUrfERQOeY4EDHjdnptttfHuHQXFx+lTP08Q+mLa/w=="],

    "package-json-from-dist": ["package-json-from-dist@1.0.1", "", {}, "sha512-UEZIS3/by4OC8vL3P2dTXRETpebLI2NiI5vIrjaD/5UtrkFX/tNbwjTSRAGC/+7CAo2pIcBaRgWmcBBHcsaCIw=="],

    "path-key": ["path-key@3.1.1", "", {}, "sha512-ojmeN0qd+y0jszEtoY48r0Peq5dwMEkIlCOu6Q5f41lfkswXuKtYrhgoTpLnyIcHm24Uhqx+5Tqm2InSwLhE6Q=="],

    "path-scurry": ["path-scurry@1.11.1", "", { "dependencies": { "lru-cache": "^10.2.0", "minipass": "^5.0.0 || ^6.0.2 || ^7.0.0" } }, "sha512-Xa4Nw17FS9ApQFJ9umLiJS4orGjm7ZzwUrwamcGQuHSzDyth9boKDaycYdDcZDuqYATXw4HFXgaqWTctW/v1HA=="],

    "picomatch": ["picomatch@2.3.1", "", {}, "sha512-JU3teHTNjmE2VCGFzuY8EXzCDVwEqB2a8fsIvwaStHhAWJEeVd1o1QD80CU6+ZdEXXSLbSsuLwJjkCBWqRQUVA=="],

    "pretty": ["pretty@2.0.0", "", { "dependencies": { "condense-newlines": "^0.2.1", "extend-shallow": "^2.0.1", "js-beautify": "^1.6.12" } }, "sha512-G9xUchgTEiNpormdYBl+Pha50gOUovT18IvAe7EYMZ1/f9W/WWMPRn+xI68yXNMUk3QXHDwo/1wV/4NejVNe1w=="],

    "proto-list": ["proto-list@1.2.4", "", {}, "sha512-vtK/94akxsTMhe0/cbfpR+syPuszcuwhqVjJq26CuNDgFGj682oRBXOP5MJpv2r7JtE8MsiepGIqvvOTBwn2vA=="],

    "readdirp": ["readdirp@4.1.2", "", {}, "sha512-GDhwkLfywWL2s6vEjyhri+eXmfH6j1L7JE27WhqLeYzoh/A3DBaYGEj2H/HFZCn/kMfim73FXxEJTw06WtxQwg=="],

    "require-directory": ["require-directory@2.1.1", "", {}, "sha512-fGxEI7+wsG9xrvdjsrlmL22OMTTiHRwAMroiEeMgq8gzoLC/PQr7RsRDSTLUg/bZAZtF+TVIkHc6/4RIKrui+Q=="],

    "rxjs": ["rxjs@7.8.2", "", { "dependencies": { "tslib": "^2.1.0" } }, "sha512-dhKf903U/PQZY6boNNtAGdWbG85WAbjT/1xYoZIC7FAY0yWapOBQVsVrDl58W86//e1VpMNBtRV4MaXfdMySFA=="],

    "sass": ["sass@1.93.2", "", { "dependencies": { "chokidar": "^4.0.0", "immutable": "^5.0.2", "source-map-js": ">=0.6.2 <2.0.0" }, "optionalDependencies": { "@parcel/watcher": "^2.4.1" }, "bin": { "sass": "sass.js" } }, "sha512-t+YPtOQHpGW1QWsh1CHQ5cPIr9lbbGZLZnbihP/D/qZj/yuV68m8qarcV17nvkOX81BCrvzAlq2klCQFZghyTg=="],

    "semver": ["semver@7.7.2", "", { "bin": { "semver": "bin/semver.js" } }, "sha512-RF0Fw+rO5AMf9MAyaRXI4AV0Ulj5lMHqVxxdSgiVbixSCXoEmmX/jk0CuJw4+3SqroYO9VoUh+HcuJivvtJemA=="],

    "shebang-command": ["shebang-command@2.0.0", "", { "dependencies": { "shebang-regex": "^3.0.0" } }, "sha512-kHxr2zZpYtdmrN1qDjrrX/Z1rR1kG8Dx+gkpK1G4eXmvXswmcE1hTWBWYUzlraYw1/yZp6YuDY77YtvbN0dmDA=="],

    "shebang-regex": ["shebang-regex@3.0.0", "", {}, "sha512-7++dFhtcx3353uBaq8DDR4NuxBetBzC7ZQOhmTQInHEd6bSrXdiEyzCvG07Z44UYdLShWUyXt5M/yhz8ekcb1A=="],

    "shell-quote": ["shell-quote@1.8.3", "", {}, "sha512-ObmnIF4hXNg1BqhnHmgbDETF8dLPCggZWBjkQfhZpbszZnYur5DUljTcCHii5LC3J5E0yeO/1LIMyH+UvHQgyw=="],

    "signal-exit": ["signal-exit@4.1.0", "", {}, "sha512-bzyZ1e88w9O1iNJbKnOlvYTrWPDl46O1bG0D3XInv+9tkPrxrN8jUUTiFlDkkmKWgn1M6CfIA13SuGqOa9Korw=="],

    "source-map-js": ["source-map-js@1.2.1", "", {}, "sha512-UXWMKhLOwVKb728IUtQPXxfYU+usdybtUrK/8uGE8CQMvrhOpwvzDBwj0QhSL7MQc7vIsISBG8VQ8+IDQxpfQA=="],

    "string-width": ["string-width@4.2.3", "", { "dependencies": { "emoji-regex": "^8.0.0", "is-fullwidth-code-point": "^3.0.0", "strip-ansi": "^6.0.1" } }, "sha512-wKyQRQpjJ0sIp62ErSZdGsjMJWsap5oRNihHhu6G7JVO/9jIB6UyevL+tXuOqrng8j/cxKTWyWUwvSTriiZz/g=="],

    "string-width-cjs": ["string-width@4.2.3", "", { "dependencies": { "emoji-regex": "^8.0.0", "is-fullwidth-code-point": "^3.0.0", "strip-ansi": "^6.0.1" } }, "sha512-wKyQRQpjJ0sIp62ErSZdGsjMJWsap5oRNihHhu6G7JVO/9jIB6UyevL+tXuOqrng8j/cxKTWyWUwvSTriiZz/g=="],

    "strip-ansi": ["strip-ansi@6.0.1", "", { "dependencies": { "ansi-regex": "^5.0.1" } }, "sha512-Y38VPSHcqkFrCpFnQ9vuSXmquuv5oXOKpGeT6aGrr3o3Gc9AlVa6JBfUSOCnbxGGZF+/0ooI7KrPuUSztUdU5A=="],

    "strip-ansi-cjs": ["strip-ansi@6.0.1", "", { "dependencies": { "ansi-regex": "^5.0.1" } }, "sha512-Y38VPSHcqkFrCpFnQ9vuSXmquuv5oXOKpGeT6aGrr3o3Gc9AlVa6JBfUSOCnbxGGZF+/0ooI7KrPuUSztUdU5A=="],

    "supports-color": ["supports-color@8.1.1", "", { "dependencies": { "has-flag": "^4.0.0" } }, "sha512-MpUEN2OodtUzxvKQl72cUF7RQ5EiHsGvSsVG0ia9c5RbWGL2CI4C7EpPS8UTBIplnlzZiNuV56w+FuNxy3ty2Q=="],

    "to-regex-range": ["to-regex-range@5.0.1", "", { "dependencies": { "is-number": "^7.0.0" } }, "sha512-65P7iz6X5yEr1cwcgvQxbbIw7Uk3gOy5dIdtZ4rDveLqhrdJP+Li/Hx6tyK0NEb+2GCyneCMJiGqrADCSNk8sQ=="],

    "tree-kill": ["tree-kill@1.2.2", "", { "bin": { "tree-kill": "cli.js" } }, "sha512-L0Orpi8qGpRG//Nd+H90vFB+3iHnue1zSSGmNOOCh1GLJ7rUKVwV2HvijphGQS2UmhUZewS9VgvxYIdgr+fG1A=="],

    "tslib": ["tslib@2.8.1", "", {}, "sha512-oJFu94HQb+KVduSUQL7wnpmqnfmLsOA/nAh6b6EH0wCEoK0/mPeXU6c3wKDV83MkOuHPRHtSXKKU99IBazS/2w=="],

    "typescript": ["typescript@5.9.2", "", { "bin": { "tsc": "bin/tsc", "tsserver": "bin/tsserver" } }, "sha512-CWBzXQrc/qOkhidw1OzBTQuYRbfyxDXJMVJ1XNwUHGROVmuaeiEm3OslpZ1RV96d7SKKjZKrSJu3+t/xlw3R9A=="],

    "undici-types": ["undici-types@7.12.0", "", {}, "sha512-goOacqME2GYyOZZfb5Lgtu+1IDmAlAEu5xnD3+xTzS10hT0vzpf0SPjkXwAw9Jm+4n/mQGDP3LO8CPbYROeBfQ=="],

    "which": ["which@2.0.2", "", { "dependencies": { "isexe": "^2.0.0" }, "bin": { "node-which": "./bin/node-which" } }, "sha512-BLI3Tl1TW3Pvl70l3yq3Y64i+awpwXqsGBYWkkqMtnbXgrMD+yj7rhW0kuEDxzJaYXGjEW5ogapKNMEKNMjibA=="],

    "wrap-ansi": ["wrap-ansi@7.0.0", "", { "dependencies": { "ansi-styles": "^4.0.0", "string-width": "^4.1.0", "strip-ansi": "^6.0.0" } }, "sha512-YVGIj2kamLSTxw6NsZjoBxfSwsn0ycdesmc4p+Q21c5zPuZ1pl+NfxVdxPtdHvmNVOQ6XSYG4AUtyt/Fi7D16Q=="],

    "wrap-ansi-cjs": ["wrap-ansi@7.0.0", "", { "dependencies": { "ansi-styles": "^4.0.0", "string-width": "^4.1.0", "strip-ansi": "^6.0.0" } }, "sha512-YVGIj2kamLSTxw6NsZjoBxfSwsn0ycdesmc4p+Q21c5zPuZ1pl+NfxVdxPtdHvmNVOQ6XSYG4AUtyt/Fi7D16Q=="],

    "y18n": ["y18n@5.0.8", "", {}, "sha512-0pfFzegeDWJHJIAmTLRP2DwHjdF5s7jo9tuztdQxAhINCdvS+3nGINqPd00AphqJR/0LhANUS6/+7SCb98YOfA=="],

    "yargs": ["yargs@17.7.2", "", { "dependencies": { "cliui": "^8.0.1", "escalade": "^3.1.1", "get-caller-file": "^2.0.5", "require-directory": "^2.1.1", "string-width": "^4.2.3", "y18n": "^5.0.5", "yargs-parser": "^21.1.1" } }, "sha512-7dSzzRQ++CKnNI/krKnYRV7JKKPUXMEh61soaHKg9mrWEhzFWhFnxPxGl+69cD1Ou63C13NUPCnmIcrvqCuM6w=="],

    "yargs-parser": ["yargs-parser@21.1.1", "", {}, "sha512-tVpsJW7DdjecAiFpbIB1e3qxIQsE6NoPc5/eTdrbbIC4h0LVsWhnoa3g+m2HclBIujHzsxZ4VJVA+GUuc2/LBw=="],

    "@isaacs/cliui/string-width": ["string-width@5.1.2", "", { "dependencies": { "eastasianwidth": "^0.2.0", "emoji-regex": "^9.2.2", "strip-ansi": "^7.0.1" } }, "sha512-HnLOCR3vjcY8beoNLtcjZ5/nxn2afmME6lhrDrebokqMap+XbeW8n9TXpPDOqdGK5qcI3oT0GKTW6wC7EMiVqA=="],

    "@isaacs/cliui/strip-ansi": ["strip-ansi@7.1.2", "", { "dependencies": { "ansi-regex": "^6.0.1" } }, "sha512-gmBGslpoQJtgnMAvOVqGZpEz9dyoKTCzy2nfz/n8aIFhN/jCE/rCmcxabB6jOOHV+0WNnylOxaxBQPSvcWklhA=="],

    "@isaacs/cliui/wrap-ansi": ["wrap-ansi@8.1.0", "", { "dependencies": { "ansi-styles": "^6.1.0", "string-width": "^5.0.1", "strip-ansi": "^7.0.1" } }, "sha512-si7QWI6zUMq56bESFvagtmzMdGOtoxfR+Sez11Mobfc7tm+VkUckk9bW2UeffTGVUbOksxmSw0AA2gs8g71NCQ=="],

    "@project/frontend/@types/bun": ["@types/bun@1.2.23", "", { "dependencies": { "bun-types": "1.2.23" } }, "sha512-le8ueOY5b6VKYf19xT3McVbXqLqmxzPXHsQT/q9JHgikJ2X22wyTW3g3ohz2ZMnp7dod6aduIiq8A14Xyimm0A=="],

    "@project/template-fns/@types/bun": ["@types/bun@1.2.23", "", { "dependencies": { "bun-types": "1.2.23" } }, "sha512-le8ueOY5b6VKYf19xT3McVbXqLqmxzPXHsQT/q9JHgikJ2X22wyTW3g3ohz2ZMnp7dod6aduIiq8A14Xyimm0A=="],

    "chalk/supports-color": ["supports-color@7.2.0", "", { "dependencies": { "has-flag": "^4.0.0" } }, "sha512-qpCAvRl9stuOHveKsn7HncJRvv501qIacKzQlO/+Lwxc9+0q2wLyv4Dfvt80/DPn2pqOBsJdDiogXGR9+OvwRw=="],

    "glob/minimatch": ["minimatch@9.0.5", "", { "dependencies": { "brace-expansion": "^2.0.1" } }, "sha512-G6T0ZX48xgozx7587koeX9Ys2NYy6Gmv//P89sEte9V9whIapMNF4idKxnW2QtCcLiTWlb/wfCabAtAFWhhBow=="],

    "@isaacs/cliui/string-width/emoji-regex": ["emoji-regex@9.2.2", "", {}, "sha512-L18DaJsXSUk2+42pv8mLs5jJT2hqFkFE4j21wOmgbUqsZ2hL72NsUU785g9RXgo3s0ZNgVl42TiHp3ZtOv/Vyg=="],

    "@isaacs/cliui/strip-ansi/ansi-regex": ["ansi-regex@6.2.2", "", {}, "sha512-Bq3SmSpyFHaWjPk8If9yc6svM8c56dB5BAtW4Qbw5jHTwwXXcTLoRMkpDJp6VL0XzlWaCHTXrkFURMYmD0sLqg=="],

    "@isaacs/cliui/wrap-ansi/ansi-styles": ["ansi-styles@6.2.3", "", {}, "sha512-4Dj6M28JB+oAH8kFkTLUo+a2jwOFkuqb3yucU0CANcRRUbxS0cP0nZYCGjcc3BNXwRIsUVmDGgzawme7zvJHvg=="],

    "@project/frontend/@types/bun/bun-types": ["bun-types@1.2.23", "", { "dependencies": { "@types/node": "*" }, "peerDependencies": { "@types/react": "^19" } }, "sha512-R9f0hKAZXgFU3mlrA0YpE/fiDvwV0FT9rORApt2aQVWSuJDzZOyB5QLc0N/4HF57CS8IXJ6+L5E4W1bW6NS2Aw=="],

    "@project/template-fns/@types/bun/bun-types": ["bun-types@1.2.23", "", { "dependencies": { "@types/node": "*" }, "peerDependencies": { "@types/react": "^19" } }, "sha512-R9f0hKAZXgFU3mlrA0YpE/fiDvwV0FT9rORApt2aQVWSuJDzZOyB5QLc0N/4HF57CS8IXJ6+L5E4W1bW6NS2Aw=="],
  }
}
